// !$*UTF8*$!
{
	archiveVersion = 1;
	classes = {
	};
	objectVersion = 56;
	objects = {

/* Begin PBXBuildFile section */
		481CD9CB28F875B800AD663C /* AppDelegate.swift in Sources */ = {isa = PBXBuildFile; fileRef = 481CD9CA28F875B800AD663C /* AppDelegate.swift */; };
		481CD9CD28F875B800AD663C /* SceneDelegate.swift in Sources */ = {isa = PBXBuildFile; fileRef = 481CD9CC28F875B800AD663C /* SceneDelegate.swift */; };
		481CD9CF28F875B800AD663C /* ViewController.swift in Sources */ = {isa = PBXBuildFile; fileRef = 481CD9CE28F875B800AD663C /* ViewController.swift */; };
		481CD9D228F875B800AD663C /* Main.storyboard in Resources */ = {isa = PBXBuildFile; fileRef = 481CD9D028F875B800AD663C /* Main.storyboard */; };
		481CD9D428F875B900AD663C /* Assets.xcassets in Resources */ = {isa = PBXBuildFile; fileRef = 481CD9D328F875B900AD663C /* Assets.xcassets */; };
		481CD9D728F875B900AD663C /* LaunchScreen.storyboard in Resources */ = {isa = PBXBuildFile; fileRef = 481CD9D528F875B900AD663C /* LaunchScreen.storyboard */; };
		481CD9E228F875B900AD663C /* Walk_AnimationTests.swift in Sources */ = {isa = PBXBuildFile; fileRef = 481CD9E128F875B900AD663C /* Walk_AnimationTests.swift */; };
		481CD9EC28F875B900AD663C /* Walk_AnimationUITests.swift in Sources */ = {isa = PBXBuildFile; fileRef = 481CD9EB28F875B900AD663C /* Walk_AnimationUITests.swift */; };
		481CD9EE28F875B900AD663C /* Walk_AnimationUITestsLaunchTests.swift in Sources */ = {isa = PBXBuildFile; fileRef = 481CD9ED28F875B900AD663C /* Walk_AnimationUITestsLaunchTests.swift */; };
/* End PBXBuildFile section */

/* Begin PBXContainerItemProxy section */
		481CD9DE28F875B900AD663C /* PBXContainerItemProxy */ = {
			isa = PBXContainerItemProxy;
			containerPortal = 481CD9BF28F875B800AD663C /* Project object */;
			proxyType = 1;
			remoteGlobalIDString = 481CD9C628F875B800AD663C;
			remoteInfo = "Walk Animation";
		};
		481CD9E828F875B900AD663C /* PBXContainerItemProxy */ = {
			isa = PBXContainerItemProxy;
			containerPortal = 481CD9BF28F875B800AD663C /* Project object */;
			proxyType = 1;
			remoteGlobalIDString = 481CD9C628F875B800AD663C;
			remoteInfo = "Walk Animation";
		};
/* End PBXContainerItemProxy section */

/* Begin PBXFileReference section */
		481CD9C728F875B800AD663C /* Walk Animation.app */ = {isa = PBXFileReference; explicitFileType = wrapper.application; includeInIndex = 0; path = "Walk Animation.app"; sourceTree = BUILT_PRODUCTS_DIR; };
		481CD9CA28F875B800AD663C /* AppDelegate.swift */ = {isa = PBXFileReference; lastKnownFileType = sourcecode.swift; path = AppDelegate.swift; sourceTree = "<group>"; };
		481CD9CC28F875B800AD663C /* SceneDelegate.swift */ = {isa = PBXFileReference; lastKnownFileType = sourcecode.swift; path = SceneDelegate.swift; sourceTree = "<group>"; };
		481CD9CE28F875B800AD663C /* ViewController.swift */ = {isa = PBXFileReference; lastKnownFileType = sourcecode.swift; path = ViewController.swift; sourceTree = "<group>"; };
		481CD9D128F875B800AD663C /* Base */ = {isa = PBXFileReference; lastKnownFileType = file.storyboard; name = Base; path = Base.lproj/Main.storyboard; sourceTree = "<group>"; };
		481CD9D328F875B900AD663C /* Assets.xcassets */ = {isa = PBXFileReference; lastKnownFileType = folder.assetcatalog; path = Assets.xcassets; sourceTree = "<group>"; };
		481CD9D628F875B900AD663C /* Base */ = {isa = PBXFileReference; lastKnownFileType = file.storyboard; name = Base; path = Base.lproj/LaunchScreen.storyboard; sourceTree = "<group>"; };
		481CD9D828F875B900AD663C /* Info.plist */ = {isa = PBXFileReference; lastKnownFileType = text.plist.xml; path = Info.plist; sourceTree = "<group>"; };
		481CD9DD28F875B900AD663C /* Walk AnimationTests.xctest */ = {isa = PBXFileReference; explicitFileType = wrapper.cfbundle; includeInIndex = 0; path = "Walk AnimationTests.xctest"; sourceTree = BUILT_PRODUCTS_DIR; };
		481CD9E128F875B900AD663C /* Walk_AnimationTests.swift */ = {isa = PBXFileReference; lastKnownFileType = sourcecode.swift; path = Walk_AnimationTests.swift; sourceTree = "<group>"; };
		481CD9E728F875B900AD663C /* Walk AnimationUITests.xctest */ = {isa = PBXFileReference; explicitFileType = wrapper.cfbundle; includeInIndex = 0; path = "Walk AnimationUITests.xctest"; sourceTree = BUILT_PRODUCTS_DIR; };
		481CD9EB28F875B900AD663C /* Walk_AnimationUITests.swift */ = {isa = PBXFileReference; lastKnownFileType = sourcecode.swift; path = Walk_AnimationUITests.swift; sourceTree = "<group>"; };
		481CD9ED28F875B900AD663C /* Walk_AnimationUITestsLaunchTests.swift */ = {isa = PBXFileReference; lastKnownFileType = sourcecode.swift; path = Walk_AnimationUITestsLaunchTests.swift; sourceTree = "<group>"; };
/* End PBXFileReference section */

/* Begin PBXFrameworksBuildPhase section */
		481CD9C428F875B800AD663C /* Frameworks */ = {
			isa = PBXFrameworksBuildPhase;
			buildActionMask = 2147483647;
			files = (
			);
			runOnlyForDeploymentPostprocessing = 0;
		};
		481CD9DA28F875B900AD663C /* Frameworks */ = {
			isa = PBXFrameworksBuildPhase;
			buildActionMask = 2147483647;
			files = (
			);
			runOnlyForDeploymentPostprocessing = 0;
		};
		481CD9E428F875B900AD663C /* Frameworks */ = {
			isa = PBXFrameworksBuildPhase;
			buildActionMask = 2147483647;
			files = (
			);
			runOnlyForDeploymentPostprocessing = 0;
		};
/* End PBXFrameworksBuildPhase section */

/* Begin PBXGroup section */
		481CD9BE28F875B800AD663C = {
			isa = PBXGroup;
			children = (
				481CD9C928F875B800AD663C /* Walk Animation */,
				481CD9E028F875B900AD663C /* Walk AnimationTests */,
				481CD9EA28F875B900AD663C /* Walk AnimationUITests */,
				481CD9C828F875B800AD663C /* Products */,
			);
			sourceTree = "<group>";
		};
		481CD9C828F875B800AD663C /* Products */ = {
			isa = PBXGroup;
			children = (
				481CD9C728F875B800AD663C /* Walk Animation.app */,
				481CD9DD28F875B900AD663C /* Walk AnimationTests.xctest */,
				481CD9E728F875B900AD663C /* Walk AnimationUITests.xctest */,
			);
			name = Products;
			sourceTree = "<group>";
		};
		481CD9C928F875B800AD663C /* Walk Animation */ = {
			isa = PBXGroup;
			children = (
				481CD9CA28F875B800AD663C /* AppDelegate.swift */,
				481CD9CC28F875B800AD663C /* SceneDelegate.swift */,
				481CD9CE28F875B800AD663C /* ViewController.swift */,
				481CD9D028F875B800AD663C /* Main.storyboard */,
				481CD9D328F875B900AD663C /* Assets.xcassets */,
				481CD9D528F875B900AD663C /* LaunchScreen.storyboard */,
				481CD9D828F875B900AD663C /* Info.plist */,
			);
			path = "Walk Animation";
			sourceTree = "<group>";
		};
		481CD9E028F875B900AD663C /* Walk AnimationTests */ = {
			isa = PBXGroup;
			children = (
				481CD9E128F875B900AD663C /* Walk_AnimationTests.swift */,
			);
			path = "Walk AnimationTests";
			sourceTree = "<group>";
		};
		481CD9EA28F875B900AD663C /* Walk AnimationUITests */ = {
			isa = PBXGroup;
			children = (
				481CD9EB28F875B900AD663C /* Walk_AnimationUITests.swift */,
				481CD9ED28F875B900AD663C /* Walk_AnimationUITestsLaunchTests.swift */,
			);
			path = "Walk AnimationUITests";
			sourceTree = "<group>";
		};
/* End PBXGroup section */

/* Begin PBXNativeTarget section */
		481CD9C628F875B800AD663C /* Walk Animation */ = {
			isa = PBXNativeTarget;
			buildConfigurationList = 481CD9F128F875B900AD663C /* Build configuration list for PBXNativeTarget "Walk Animation" */;
			buildPhases = (
				481CD9C328F875B800AD663C /* Sources */,
				481CD9C428F875B800AD663C /* Frameworks */,
				481CD9C528F875B800AD663C /* Resources */,
			);
			buildRules = (
			);
			dependencies = (
			);
			name = "Walk Animation";
			productName = "Walk Animation";
			productReference = 481CD9C728F875B800AD663C /* Walk Animation.app */;
			productType = "com.apple.product-type.application";
		};
		481CD9DC28F875B900AD663C /* Walk AnimationTests */ = {
			isa = PBXNativeTarget;
			buildConfigurationList = 481CD9F428F875B900AD663C /* Build configuration list for PBXNativeTarget "Walk AnimationTests" */;
			buildPhases = (
				481CD9D928F875B900AD663C /* Sources */,
				481CD9DA28F875B900AD663C /* Frameworks */,
				481CD9DB28F875B900AD663C /* Resources */,
			);
			buildRules = (
			);
			dependencies = (
				481CD9DF28F875B900AD663C /* PBXTargetDependency */,
			);
			name = "Walk AnimationTests";
			productName = "Walk AnimationTests";
			productReference = 481CD9DD28F875B900AD663C /* Walk AnimationTests.xctest */;
			productType = "com.apple.product-type.bundle.unit-test";
		};
		481CD9E628F875B900AD663C /* Walk AnimationUITests */ = {
			isa = PBXNativeTarget;
			buildConfigurationList = 481CD9F728F875B900AD663C /* Build configuration list for PBXNativeTarget "Walk AnimationUITests" */;
			buildPhases = (
				481CD9E328F875B900AD663C /* Sources */,
				481CD9E428F875B900AD663C /* Frameworks */,
				481CD9E528F875B900AD663C /* Resources */,
			);
			buildRules = (
			);
			dependencies = (
				481CD9E928F875B900AD663C /* PBXTargetDependency */,
			);
			name = "Walk AnimationUITests";
			productName = "Walk AnimationUITests";
			productReference = 481CD9E728F875B900AD663C /* Walk AnimationUITests.xctest */;
			productType = "com.apple.product-type.bundle.ui-testing";
		};
/* End PBXNativeTarget section */

/* Begin PBXProject section */
		481CD9BF28F875B800AD663C /* Project object */ = {
			isa = PBXProject;
			attributes = {
				BuildIndependentTargetsInParallel = 1;
				LastSwiftUpdateCheck = 1400;
				LastUpgradeCheck = 1400;
				TargetAttributes = {
					481CD9C628F875B800AD663C = {
						CreatedOnToolsVersion = 14.0.1;
					};
					481CD9DC28F875B900AD663C = {
						CreatedOnToolsVersion = 14.0.1;
						TestTargetID = 481CD9C628F875B800AD663C;
					};
					481CD9E628F875B900AD663C = {
						CreatedOnToolsVersion = 14.0.1;
						TestTargetID = 481CD9C628F875B800AD663C;
					};
				};
			};
			buildConfigurationList = 481CD9C228F875B800AD663C /* Build configuration list for PBXProject "Walk Animation" */;
			compatibilityVersion = "Xcode 14.0";
			developmentRegion = en;
			hasScannedForEncodings = 0;
			knownRegions = (
				en,
				Base,
			);
			mainGroup = 481CD9BE28F875B800AD663C;
			productRefGroup = 481CD9C828F875B800AD663C /* Products */;
			projectDirPath = "";
			projectRoot = "";
			targets = (
				481CD9C628F875B800AD663C /* Walk Animation */,
				481CD9DC28F875B900AD663C /* Walk AnimationTests */,
				481CD9E628F875B900AD663C /* Walk AnimationUITests */,
			);
		};
/* End PBXProject section */

/* Begin PBXResourcesBuildPhase section */
		481CD9C528F875B800AD663C /* Resources */ = {
			isa = PBXResourcesBuildPhase;
			buildActionMask = 2147483647;
			files = (
				481CD9D728F875B900AD663C /* LaunchScreen.storyboard in Resources */,
				481CD9D428F875B900AD663C /* Assets.xcassets in Resources */,
				481CD9D228F875B800AD663C /* Main.storyboard in Resources */,
			);
			runOnlyForDeploymentPostprocessing = 0;
		};
		481CD9DB28F875B900AD663C /* Resources */ = {
			isa = PBXResourcesBuildPhase;
			buildActionMask = 2147483647;
			files = (
			);
			runOnlyForDeploymentPostprocessing = 0;
		};
		481CD9E528F875B900AD663C /* Resources */ = {
			isa = PBXResourcesBuildPhase;
			buildActionMask = 2147483647;
			files = (
			);
			runOnlyForDeploymentPostprocessing = 0;
		};
/* End PBXResourcesBuildPhase section */

/* Begin PBXSourcesBuildPhase section */
		481CD9C328F875B800AD663C /* Sources */ = {
			isa = PBXSourcesBuildPhase;
			buildActionMask = 2147483647;
			files = (
				481CD9CF28F875B800AD663C /* ViewController.swift in Sources */,
				481CD9CB28F875B800AD663C /* AppDelegate.swift in Sources */,
				481CD9CD28F875B800AD663C /* SceneDelegate.swift in Sources */,
			);
			runOnlyForDeploymentPostprocessing = 0;
		};
		481CD9D928F875B900AD663C /* Sources */ = {
			isa = PBXSourcesBuildPhase;
			buildActionMask = 2147483647;
			files = (
				481CD9E228F875B900AD663C /* Walk_AnimationTests.swift in Sources */,
			);
			runOnlyForDeploymentPostprocessing = 0;
		};
		481CD9E328F875B900AD663C /* Sources */ = {
			isa = PBXSourcesBuildPhase;
			buildActionMask = 2147483647;
			files = (
				481CD9EE28F875B900AD663C /* Walk_AnimationUITestsLaunchTests.swift in Sources */,
				481CD9EC28F875B900AD663C /* Walk_AnimationUITests.swift in Sources */,
			);
			runOnlyForDeploymentPostprocessing = 0;
		};
/* End PBXSourcesBuildPhase section */

/* Begin PBXTargetDependency section */
		481CD9DF28F875B900AD663C /* PBXTargetDependency */ = {
			isa = PBXTargetDependency;
			target = 481CD9C628F875B800AD663C /* Walk Animation */;
			targetProxy = 481CD9DE28F875B900AD663C /* PBXContainerItemProxy */;
		};
		481CD9E928F875B900AD663C /* PBXTargetDependency */ = {
			isa = PBXTargetDependency;
			target = 481CD9C628F875B800AD663C /* Walk Animation */;
			targetProxy = 481CD9E828F875B900AD663C /* PBXContainerItemProxy */;
		};
/* End PBXTargetDependency section */

/* Begin PBXVariantGroup section */
		481CD9D028F875B800AD663C /* Main.storyboard */ = {
			isa = PBXVariantGroup;
			children = (
				481CD9D128F875B800AD663C /* Base */,
			);
			name = Main.storyboard;
			sourceTree = "<group>";
		};
		481CD9D528F875B900AD663C /* LaunchScreen.storyboard */ = {
			isa = PBXVariantGroup;
			children = (
				481CD9D628F875B900AD663C /* Base */,
			);
			name = LaunchScreen.storyboard;
			sourceTree = "<group>";
		};
/* End PBXVariantGroup section */

/* Begin XCBuildConfiguration section */
		481CD9EF28F875B900AD663C /* Debug */ = {
			isa = XCBuildConfiguration;
			buildSettings = {
				ALWAYS_SEARCH_USER_PATHS = NO;
				CLANG_ANALYZER_NONNULL = YES;
				CLANG_ANALYZER_NUMBER_OBJECT_CONVERSION = YES_AGGRESSIVE;
				CLANG_CXX_LANGUAGE_STANDARD = "gnu++20";
				CLANG_ENABLE_MODULES = YES;
				CLANG_ENABLE_OBJC_ARC = YES;
				CLANG_ENABLE_OBJC_WEAK = YES;
				CLANG_WARN_BLOCK_CAPTURE_AUTORELEASING = YES;
				CLANG_WARN_BOOL_CONVERSION = YES;
				CLANG_WARN_COMMA = YES;
				CLANG_WARN_CONSTANT_CONVERSION = YES;
				CLANG_WARN_DEPRECATED_OBJC_IMPLEMENTATIONS = YES;
				CLANG_WARN_DIRECT_OBJC_ISA_USAGE = YES_ERROR;
				CLANG_WARN_DOCUMENTATION_COMMENTS = YES;
				CLANG_WARN_EMPTY_BODY = YES;
				CLANG_WARN_ENUM_CONVERSION = YES;
				CLANG_WARN_INFINITE_RECURSION = YES;
				CLANG_WARN_INT_CONVERSION = YES;
				CLANG_WARN_NON_LITERAL_NULL_CONVERSION = YES;
				CLANG_WARN_OBJC_IMPLICIT_RETAIN_SELF = YES;
				CLANG_WARN_OBJC_LITERAL_CONVERSION = YES;
				CLANG_WARN_OBJC_ROOT_CLASS = YES_ERROR;
				CLANG_WARN_QUOTED_INCLUDE_IN_FRAMEWORK_HEADER = YES;
				CLANG_WARN_RANGE_LOOP_ANALYSIS = YES;
				CLANG_WARN_STRICT_PROTOTYPES = YES;
				CLANG_WARN_SUSPICIOUS_MOVE = YES;
				CLANG_WARN_UNGUARDED_AVAILABILITY = YES_AGGRESSIVE;
				CLANG_WARN_UNREACHABLE_CODE = YES;
				CLANG_WARN__DUPLICATE_METHOD_MATCH = YES;
				COPY_PHASE_STRIP = NO;
				DEBUG_INFORMATION_FORMAT = dwarf;
				ENABLE_STRICT_OBJC_MSGSEND = YES;
				ENABLE_TESTABILITY = YES;
				GCC_C_LANGUAGE_STANDARD = gnu11;
				GCC_DYNAMIC_NO_PIC = NO;
				GCC_NO_COMMON_BLOCKS = YES;
				GCC_OPTIMIZATION_LEVEL = 0;
				GCC_PREPROCESSOR_DEFINITIONS = (
					"DEBUG=1",
					"$(inherited)",
				);
				GCC_WARN_64_TO_32_BIT_CONVERSION = YES;
				GCC_WARN_ABOUT_RETURN_TYPE = YES_ERROR;
				GCC_WARN_UNDECLARED_SELECTOR = YES;
				GCC_WARN_UNINITIALIZED_AUTOS = YES_AGGRESSIVE;
				GCC_WARN_UNUSED_FUNCTION = YES;
				GCC_WARN_UNUSED_VARIABLE = YES;
				IPHONEOS_DEPLOYMENT_TARGET = 16.0;
				MTL_ENABLE_DEBUG_INFO = INCLUDE_SOURCE;
				MTL_FAST_MATH = YES;
				ONLY_ACTIVE_ARCH = YES;
				SDKROOT = iphoneos;
				SWIFT_ACTIVE_COMPILATION_CONDITIONS = DEBUG;
				SWIFT_OPTIMIZATION_LEVEL = "-Onone";
			};
			name = Debug;
		};
		481CD9F028F875B900AD663C /* Release */ = {
			isa = XCBuildConfiguration;
			buildSettings = {
				ALWAYS_SEARCH_USER_PATHS = NO;
				CLANG_ANALYZER_NONNULL = YES;
				CLANG_ANALYZER_NUMBER_OBJECT_CONVERSION = YES_AGGRESSIVE;
				CLANG_CXX_LANGUAGE_STANDARD = "gnu++20";
				CLANG_ENABLE_MODULES = YES;
				CLANG_ENABLE_OBJC_ARC = YES;
				CLANG_ENABLE_OBJC_WEAK = YES;
				CLANG_WARN_BLOCK_CAPTURE_AUTORELEASING = YES;
				CLANG_WARN_BOOL_CONVERSION = YES;
				CLANG_WARN_COMMA = YES;
				CLANG_WARN_CONSTANT_CONVERSION = YES;
				CLANG_WARN_DEPRECATED_OBJC_IMPLEMENTATIONS = YES;
				CLANG_WARN_DIRECT_OBJC_ISA_USAGE = YES_ERROR;
				CLANG_WARN_DOCUMENTATION_COMMENTS = YES;
				CLANG_WARN_EMPTY_BODY = YES;
				CLANG_WARN_ENUM_CONVERSION = YES;
				CLANG_WARN_INFINITE_RECURSION = YES;
				CLANG_WARN_INT_CONVERSION = YES;
				CLANG_WARN_NON_LITERAL_NULL_CONVERSION = YES;
				CLANG_WARN_OBJC_IMPLICIT_RETAIN_SELF = YES;
				CLANG_WARN_OBJC_LITERAL_CONVERSION = YES;
				CLANG_WARN_OBJC_ROOT_CLASS = YES_ERROR;
				CLANG_WARN_QUOTED_INCLUDE_IN_FRAMEWORK_HEADER = YES;
				CLANG_WARN_RANGE_LOOP_ANALYSIS = YES;
				CLANG_WARN_STRICT_PROTOTYPES = YES;
				CLANG_WARN_SUSPICIOUS_MOVE = YES;
				CLANG_WARN_UNGUARDED_AVAILABILITY = YES_AGGRESSIVE;
				CLANG_WARN_UNREACHABLE_CODE = YES;
				CLANG_WARN__DUPLICATE_METHOD_MATCH = YES;
				COPY_PHASE_STRIP = NO;
				DEBUG_INFORMATION_FORMAT = "dwarf-with-dsym";
				ENABLE_NS_ASSERTIONS = NO;
				ENABLE_STRICT_OBJC_MSGSEND = YES;
				GCC_C_LANGUAGE_STANDARD = gnu11;
				GCC_NO_COMMON_BLOCKS = YES;
				GCC_WARN_64_TO_32_BIT_CONVERSION = YES;
				GCC_WARN_ABOUT_RETURN_TYPE = YES_ERROR;
				GCC_WARN_UNDECLARED_SELECTOR = YES;
				GCC_WARN_UNINITIALIZED_AUTOS = YES_AGGRESSIVE;
				GCC_WARN_UNUSED_FUNCTION = YES;
				GCC_WARN_UNUSED_VARIABLE = YES;
				IPHONEOS_DEPLOYMENT_TARGET = 16.0;
				MTL_ENABLE_DEBUG_INFO = NO;
				MTL_FAST_MATH = YES;
				SDKROOT = iphoneos;
				SWIFT_COMPILATION_MODE = wholemodule;
				SWIFT_OPTIMIZATION_LEVEL = "-O";
				VALIDATE_PRODUCT = YES;
			};
			name = Release;
		};
		481CD9F228F875B900AD663C /* Debug */ = {
			isa = XCBuildConfiguration;
			buildSettings = {
				ASSETCATALOG_COMPILER_APPICON_NAME = AppIcon;
				ASSETCATALOG_COMPILER_GLOBAL_ACCENT_COLOR_NAME = AccentColor;
				CODE_SIGN_STYLE = Automatic;
				CURRENT_PROJECT_VERSION = 1;
				GENERATE_INFOPLIST_FILE = YES;
				INFOPLIST_FILE = "Walk Animation/Info.plist";
				INFOPLIST_KEY_UIApplicationSupportsIndirectInputEvents = YES;
				INFOPLIST_KEY_UILaunchStoryboardName = LaunchScreen;
				INFOPLIST_KEY_UIMainStoryboardFile = Main;
				INFOPLIST_KEY_UISupportedInterfaceOrientations_iPad = "UIInterfaceOrientationPortrait UIInterfaceOrientationPortraitUpsideDown UIInterfaceOrientationLandscapeLeft UIInterfaceOrientationLandscapeRight";
				INFOPLIST_KEY_UISupportedInterfaceOrientations_iPhone = "UIInterfaceOrientationPortrait UIInterfaceOrientationLandscapeLeft UIInterfaceOrientationLandscapeRight";
				LD_RUNPATH_SEARCH_PATHS = (
					"$(inherited)",
					"@executable_path/Frameworks",
				);
				MARKETING_VERSION = 1.0;
				PRODUCT_BUNDLE_IDENTIFIER = "com.swca.Walk-Animation";
				PRODUCT_NAME = "$(TARGET_NAME)";
				SWIFT_EMIT_LOC_STRINGS = YES;
				SWIFT_VERSION = 5.0;
				TARGETED_DEVICE_FAMILY = "1,2";
			};
			name = Debug;
		};
		481CD9F328F875B900AD663C /* Release */ = {
			isa = XCBuildConfiguration;
			buildSettings = {
				ASSETCATALOG_COMPILER_APPICON_NAME = AppIcon;
				ASSETCATALOG_COMPILER_GLOBAL_ACCENT_COLOR_NAME = AccentColor;
				CODE_SIGN_STYLE = Automatic;
				CURRENT_PROJECT_VERSION = 1;
				GENERATE_INFOPLIST_FILE = YES;
				INFOPLIST_FILE = "Walk Animation/Info.plist";
				INFOPLIST_KEY_UIApplicationSupportsIndirectInputEvents = YES;
				INFOPLIST_KEY_UILaunchStoryboardName = LaunchScreen;
				INFOPLIST_KEY_UIMainStoryboardFile = Main;
				INFOPLIST_KEY_UISupportedInterfaceOrientations_iPad = "UIInterfaceOrientationPortrait UIInterfaceOrientationPortraitUpsideDown UIInterfaceOrientationLandscapeLeft UIInterfaceOrientationLandscapeRight";
				INFOPLIST_KEY_UISupportedInterfaceOrientations_iPhone = "UIInterfaceOrientationPortrait UIInterfaceOrientationLandscapeLeft UIInterfaceOrientationLandscapeRight";
				LD_RUNPATH_SEARCH_PATHS = (
					"$(inherited)",
					"@executable_path/Frameworks",
				);
				MARKETING_VERSION = 1.0;
				PRODUCT_BUNDLE_IDENTIFIER = "com.swca.Walk-Animation";
				PRODUCT_NAME = "$(TARGET_NAME)";
				SWIFT_EMIT_LOC_STRINGS = YES;
				SWIFT_VERSION = 5.0;
				TARGETED_DEVICE_FAMILY = "1,2";
			};
			name = Release;
		};
		481CD9F528F875B900AD663C /* Debug */ = {
			isa = XCBuildConfiguration;
			buildSettings = {
				ALWAYS_EMBED_SWIFT_STANDARD_LIBRARIES = YES;
				BUNDLE_LOADER = "$(TEST_HOST)";
				CODE_SIGN_STYLE = Automatic;
				CURRENT_PROJECT_VERSION = 1;
				GENERATE_INFOPLIST_FILE = YES;
				IPHONEOS_DEPLOYMENT_TARGET = 16.0;
				MARKETING_VERSION = 1.0;
				PRODUCT_BUNDLE_IDENTIFIER = "com.swca.Walk-AnimationTests";
				PRODUCT_NAME = "$(TARGET_NAME)";
				SWIFT_EMIT_LOC_STRINGS = NO;
				SWIFT_VERSION = 5.0;
				TARGETED_DEVICE_FAMILY = "1,2";
				TEST_HOST = "$(BUILT_PRODUCTS_DIR)/Walk Animation.app/$(BUNDLE_EXECUTABLE_FOLDER_PATH)/Walk Animation";
			};
			name = Debug;
		};
		481CD9F628F875B900AD663C /* Release */ = {
			isa = XCBuildConfiguration;
			buildSettings = {
				ALWAYS_EMBED_SWIFT_STANDARD_LIBRARIES = YES;
				BUNDLE_LOADER = "$(TEST_HOST)";
				CODE_SIGN_STYLE = Automatic;
				CURRENT_PROJECT_VERSION = 1;
				GENERATE_INFOPLIST_FILE = YES;
				IPHONEOS_DEPLOYMENT_TARGET = 16.0;
				MARKETING_VERSION = 1.0;
				PRODUCT_BUNDLE_IDENTIFIER = "com.swca.Walk-AnimationTests";
				PRODUCT_NAME = "$(TARGET_NAME)";
				SWIFT_EMIT_LOC_STRINGS = NO;
				SWIFT_VERSION = 5.0;
				TARGETED_DEVICE_FAMILY = "1,2";
				TEST_HOST = "$(BUILT_PRODUCTS_DIR)/Walk Animation.app/$(BUNDLE_EXECUTABLE_FOLDER_PATH)/Walk Animation";
			};
			name = Release;
		};
		481CD9F828F875B900AD663C /* Debug */ = {
			isa = XCBuildConfiguration;
			buildSettings = {
				ALWAYS_EMBED_SWIFT_STANDARD_LIBRARIES = YES;
				CODE_SIGN_STYLE = Automatic;
				CURRENT_PROJECT_VERSION = 1;
				GENERATE_INFOPLIST_FILE = YES;
				MARKETING_VERSION = 1.0;
				PRODUCT_BUNDLE_IDENTIFIER = "com.swca.Walk-AnimationUITests";
				PRODUCT_NAME = "$(TARGET_NAME)";
				SWIFT_EMIT_LOC_STRINGS = NO;
				SWIFT_VERSION = 5.0;
				TARGETED_DEVICE_FAMILY = "1,2";
				TEST_TARGET_NAME = "Walk Animation";
			};
			name = Debug;
		};
		481CD9F928F875B900AD663C /* Release */ = {
			isa = XCBuildConfiguration;
			buildSettings = {
				ALWAYS_EMBED_SWIFT_STANDARD_LIBRARIES = YES;
				CODE_SIGN_STYLE = Automatic;
				CURRENT_PROJECT_VERSION = 1;
				GENERATE_INFOPLIST_FILE = YES;
				MARKETING_VERSION = 1.0;
				PRODUCT_BUNDLE_IDENTIFIER = "com.swca.Walk-AnimationUITests";
				PRODUCT_NAME = "$(TARGET_NAME)";
				SWIFT_EMIT_LOC_STRINGS = NO;
				SWIFT_VERSION = 5.0;
				TARGETED_DEVICE_FAMILY = "1,2";
				TEST_TARGET_NAME = "Walk Animation";
			};
			name = Release;
		};
/* End XCBuildConfiguration section */

/* Begin XCConfigurationList section */
		481CD9C228F875B800AD663C /* Build configuration list for PBXProject "Walk Animation" */ = {
			isa = XCConfigurationList;
			buildConfigurations = (
				481CD9EF28F875B900AD663C /* Debug */,
				481CD9F028F875B900AD663C /* Release */,
			);
			defaultConfigurationIsVisible = 0;
			defaultConfigurationName = Release;
		};
		481CD9F128F875B900AD663C /* Build configuration list for PBXNativeTarget "Walk Animation" */ = {
			isa = XCConfigurationList;
			buildConfigurations = (
				481CD9F228F875B900AD663C /* Debug */,
				481CD9F328F875B900AD663C /* Release */,
			);
			defaultConfigurationIsVisible = 0;
			defaultConfigurationName = Release;
		};
		481CD9F428F875B900AD663C /* Build configuration list for PBXNativeTarget "Walk AnimationTests" */ = {
			isa = XCConfigurationList;
			buildConfigurations = (
				481CD9F528F875B900AD663C /* Debug */,
				481CD9F628F875B900AD663C /* Release */,
			);
			defaultConfigurationIsVisible = 0;
			defaultConfigurationName = Release;
		};
		481CD9F728F875B900AD663C /* Build configuration list for PBXNativeTarget "Walk AnimationUITests" */ = {
			isa = XCConfigurationList;
			buildConfigurations = (
				481CD9F828F875B900AD663C /* Debug */,
				481CD9F928F875B900AD663C /* Release */,
			);
			defaultConfigurationIsVisible = 0;
			defaultConfigurationName = Release;
		};
/* End XCConfigurationList section */
	};
	rootObject = 481CD9BF28F875B800AD663C /* Project object */;
}
